
Microsoft Visual Studio Solution File, Format Version 12.00
# Visual Studio Version 16
VisualStudioVersion = 16.0.29512.175
MinimumVisualStudioVersion = 10.0.40219.1
Project("{FAE04EC0-301F-11D3-BF4B-00C04F79EFBC}") = "JkwExtensions", "JkwExtensions\JkwExtensions.csproj", "{745AC568-06A4-403F-95AD-F4F9737E6E12}"
EndProject
Global
	GlobalSection(SolutionConfigurationPlatforms) = preSolution
		Debug|Any CPU = Debug|Any CPU
		Release|Any CPU = Release|Any CPU
	EndGlobalSection
	GlobalSection(ProjectConfigurationPlatforms) = postSolution
		{745AC568-06A4-403F-95AD-F4F9737E6E12}.Debug|Any CPU.ActiveCfg = Debug|Any CPU
		{745AC568-06A4-403F-95AD-F4F9737E6E12}.Debug|Any CPU.Build.0 = Debug|Any CPU
		{745AC568-06A4-403F-95AD-F4F9737E6E12}.Release|Any CPU.ActiveCfg = Release|Any CPU
		{745AC568-06A4-403F-95AD-F4F9737E6E12}.Release|Any CPU.Build.0 = Release|Any CPU
	EndGlobalSection
	GlobalSection(SolutionProperties) = preSolution
		HideSolutionNode = FALSE
	EndGlobalSection
	GlobalSection(ExtensibilityGlobals) = postSolution
		SolutionGuid = {3CE861D6-DE58-420F-B5E6-F07020A0C411}
	EndGlobalSection
EndGlobal
